
Microsoft Visual Studio Solution File, Format Version 12.00
# Visual Studio Version 16
VisualStudioVersion = 16.0.29728.190
MinimumVisualStudioVersion = 10.0.40219.1
Project("{FAE04EC0-301F-11D3-BF4B-00C04F79EFBC}") = "ApiEmployee", "ApiEmployee\ApiEmployee.csproj", "{3D3AE916-6948-405F-833F-C090864CF326}"
EndProject
Project("{FAE04EC0-301F-11D3-BF4B-00C04F79EFBC}") = "WpfClientEmployee", "WpfClientEmployee\WpfClientEmployee.csproj", "{71F866E5-2970-4521-B7B9-C68ED1FDAE8F}"
EndProject
Project("{FAE04EC0-301F-11D3-BF4B-00C04F79EFBC}") = "ModelsApp", "ModelsApp\ModelsApp.csproj", "{A039BB5D-D3D3-4072-958A-56BD151075C1}"
EndProject
Global
	GlobalSection(SolutionConfigurationPlatforms) = preSolution
		Debug|Any CPU = Debug|Any CPU
		Release|Any CPU = Release|Any CPU
	EndGlobalSection
	GlobalSection(ProjectConfigurationPlatforms) = postSolution
		{3D3AE916-6948-405F-833F-C090864CF326}.Debug|Any CPU.ActiveCfg = Debug|Any CPU
		{3D3AE916-6948-405F-833F-C090864CF326}.Debug|Any CPU.Build.0 = Debug|Any CPU
		{3D3AE916-6948-405F-833F-C090864CF326}.Release|Any CPU.ActiveCfg = Release|Any CPU
		{3D3AE916-6948-405F-833F-C090864CF326}.Release|Any CPU.Build.0 = Release|Any CPU
		{71F866E5-2970-4521-B7B9-C68ED1FDAE8F}.Debug|Any CPU.ActiveCfg = Debug|Any CPU
		{71F866E5-2970-4521-B7B9-C68ED1FDAE8F}.Debug|Any CPU.Build.0 = Debug|Any CPU
		{71F866E5-2970-4521-B7B9-C68ED1FDAE8F}.Release|Any CPU.ActiveCfg = Release|Any CPU
		{71F866E5-2970-4521-B7B9-C68ED1FDAE8F}.Release|Any CPU.Build.0 = Release|Any CPU
		{A039BB5D-D3D3-4072-958A-56BD151075C1}.Debug|Any CPU.ActiveCfg = Debug|Any CPU
		{A039BB5D-D3D3-4072-958A-56BD151075C1}.Debug|Any CPU.Build.0 = Debug|Any CPU
		{A039BB5D-D3D3-4072-958A-56BD151075C1}.Release|Any CPU.ActiveCfg = Release|Any CPU
		{A039BB5D-D3D3-4072-958A-56BD151075C1}.Release|Any CPU.Build.0 = Release|Any CPU
	EndGlobalSection
	GlobalSection(SolutionProperties) = preSolution
		HideSolutionNode = FALSE
	EndGlobalSection
	GlobalSection(ExtensibilityGlobals) = postSolution
		SolutionGuid = {969A3244-5181-4754-9D34-BC32820CBB6F}
	EndGlobalSection
EndGlobal
